// !$*UTF8*$!
{
	archiveVersion = 1;
	classes = {
	};
	objectVersion = 55;
	objects = {

/* Begin PBXBuildFile section */
		65296D75281645E100D9305F /* The_EyeApp.swift in Sources */ = {isa = PBXBuildFile; fileRef = 65296D74281645E100D9305F /* The_EyeApp.swift */; };
		65296D77281645E100D9305F /* ContentView.swift in Sources */ = {isa = PBXBuildFile; fileRef = 65296D76281645E100D9305F /* ContentView.swift */; };
		65296D79281645E300D9305F /* Assets.xcassets in Resources */ = {isa = PBXBuildFile; fileRef = 65296D78281645E300D9305F /* Assets.xcassets */; };
		65296D7C281645E300D9305F /* Preview Assets.xcassets in Resources */ = {isa = PBXBuildFile; fileRef = 65296D7B281645E300D9305F /* Preview Assets.xcassets */; };
		65296D7E281645E300D9305F /* Persistence.swift in Sources */ = {isa = PBXBuildFile; fileRef = 65296D7D281645E300D9305F /* Persistence.swift */; };
		65296D81281645E300D9305F /* The_Eye.xcdatamodeld in Sources */ = {isa = PBXBuildFile; fileRef = 65296D7F281645E300D9305F /* The_Eye.xcdatamodeld */; };
		65296D882816460800D9305F /* MainView.swift in Sources */ = {isa = PBXBuildFile; fileRef = 65296D872816460800D9305F /* MainView.swift */; };
		65296D9F2816547D00D9305F /* Onboarding.swift in Sources */ = {isa = PBXBuildFile; fileRef = 65296D9E2816547D00D9305F /* Onboarding.swift */; };
		65296DA1281654B300D9305F /* BoardingScreen.swift in Sources */ = {isa = PBXBuildFile; fileRef = 65296DA0281654B300D9305F /* BoardingScreen.swift */; };
		65296DA32816581D00D9305F /* OffsetPageTabView.swift in Sources */ = {isa = PBXBuildFile; fileRef = 65296DA22816581D00D9305F /* OffsetPageTabView.swift */; };
		65296DA82816B01200D9305F /* StatusView.swift in Sources */ = {isa = PBXBuildFile; fileRef = 65296DA72816B01200D9305F /* StatusView.swift */; };
		65B6FA092816FFB200F619F0 /* ProfileView.swift in Sources */ = {isa = PBXBuildFile; fileRef = 65B6FA082816FFB200F619F0 /* ProfileView.swift */; };
		65B6FA0D281856A500F619F0 /* TransactionView.swift in Sources */ = {isa = PBXBuildFile; fileRef = 65B6FA0C281856A500F619F0 /* TransactionView.swift */; };
/* End PBXBuildFile section */

/* Begin PBXFileReference section */
		65296D71281645E100D9305F /* The Eye.app */ = {isa = PBXFileReference; explicitFileType = wrapper.application; includeInIndex = 0; path = "The Eye.app"; sourceTree = BUILT_PRODUCTS_DIR; };
		65296D74281645E100D9305F /* The_EyeApp.swift */ = {isa = PBXFileReference; lastKnownFileType = sourcecode.swift; path = The_EyeApp.swift; sourceTree = "<group>"; };
		65296D76281645E100D9305F /* ContentView.swift */ = {isa = PBXFileReference; lastKnownFileType = sourcecode.swift; path = ContentView.swift; sourceTree = "<group>"; };
		65296D78281645E300D9305F /* Assets.xcassets */ = {isa = PBXFileReference; lastKnownFileType = folder.assetcatalog; path = Assets.xcassets; sourceTree = "<group>"; };
		65296D7B281645E300D9305F /* Preview Assets.xcassets */ = {isa = PBXFileReference; lastKnownFileType = folder.assetcatalog; path = "Preview Assets.xcassets"; sourceTree = "<group>"; };
		65296D7D281645E300D9305F /* Persistence.swift */ = {isa = PBXFileReference; lastKnownFileType = sourcecode.swift; path = Persistence.swift; sourceTree = "<group>"; };
		65296D80281645E300D9305F /* The_Eye.xcdatamodel */ = {isa = PBXFileReference; lastKnownFileType = wrapper.xcdatamodel; path = The_Eye.xcdatamodel; sourceTree = "<group>"; };
		65296D872816460800D9305F /* MainView.swift */ = {isa = PBXFileReference; lastKnownFileType = sourcecode.swift; path = MainView.swift; sourceTree = "<group>"; };
		65296D9E2816547D00D9305F /* Onboarding.swift */ = {isa = PBXFileReference; lastKnownFileType = sourcecode.swift; path = Onboarding.swift; sourceTree = "<group>"; };
		65296DA0281654B300D9305F /* BoardingScreen.swift */ = {isa = PBXFileReference; lastKnownFileType = sourcecode.swift; path = BoardingScreen.swift; sourceTree = "<group>"; };
		65296DA22816581D00D9305F /* OffsetPageTabView.swift */ = {isa = PBXFileReference; lastKnownFileType = sourcecode.swift; path = OffsetPageTabView.swift; sourceTree = "<group>"; };
		65296DA72816B01200D9305F /* StatusView.swift */ = {isa = PBXFileReference; lastKnownFileType = sourcecode.swift; path = StatusView.swift; sourceTree = "<group>"; };
		65B6FA082816FFB200F619F0 /* ProfileView.swift */ = {isa = PBXFileReference; lastKnownFileType = sourcecode.swift; path = ProfileView.swift; sourceTree = "<group>"; };
		65B6FA0C281856A500F619F0 /* TransactionView.swift */ = {isa = PBXFileReference; lastKnownFileType = sourcecode.swift; path = TransactionView.swift; sourceTree = "<group>"; };
/* End PBXFileReference section */

/* Begin PBXFrameworksBuildPhase section */
		65296D6E281645E100D9305F /* Frameworks */ = {
			isa = PBXFrameworksBuildPhase;
			buildActionMask = 2147483647;
			files = (
			);
			runOnlyForDeploymentPostprocessing = 0;
		};
/* End PBXFrameworksBuildPhase section */

/* Begin PBXGroup section */
		65296D68281645E100D9305F = {
			isa = PBXGroup;
			children = (
				65296D73281645E100D9305F /* The Eye */,
				65296D72281645E100D9305F /* Products */,
			);
			sourceTree = "<group>";
		};
		65296D72281645E100D9305F /* Products */ = {
			isa = PBXGroup;
			children = (
				65296D71281645E100D9305F /* The Eye.app */,
			);
			name = Products;
			sourceTree = "<group>";
		};
		65296D73281645E100D9305F /* The Eye */ = {
			isa = PBXGroup;
			children = (
				65B6FA0A281792F200F619F0 /* Transaction */,
				65B6FA072816FFA200F619F0 /* Profile */,
				65296D9A28164E5900D9305F /* ContentView */,
				65296DA62816AFF600D9305F /* Status */,
				65296D9B28164E7400D9305F /* Onboarding */,
				65296D74281645E100D9305F /* The_EyeApp.swift */,
				65296D872816460800D9305F /* MainView.swift */,
				65296D78281645E300D9305F /* Assets.xcassets */,
				65296D7F281645E300D9305F /* The_Eye.xcdatamodeld */,
				65296D7A281645E300D9305F /* Preview Content */,
			);
			path = "The Eye";
			sourceTree = "<group>";
		};
		65296D7A281645E300D9305F /* Preview Content */ = {
			isa = PBXGroup;
			children = (
				65296D7B281645E300D9305F /* Preview Assets.xcassets */,
			);
			path = "Preview Content";
			sourceTree = "<group>";
		};
		65296D9A28164E5900D9305F /* ContentView */ = {
			isa = PBXGroup;
			children = (
				65296D76281645E100D9305F /* ContentView.swift */,
				65296D7D281645E300D9305F /* Persistence.swift */,
			);
			path = ContentView;
			sourceTree = "<group>";
		};
		65296D9B28164E7400D9305F /* Onboarding */ = {
			isa = PBXGroup;
			children = (
				65296D9D2816544900D9305F /* Views */,
				65296D9C2816544300D9305F /* Models */,
			);
			path = Onboarding;
			sourceTree = "<group>";
		};
		65296D9C2816544300D9305F /* Models */ = {
			isa = PBXGroup;
			children = (
				65296DA0281654B300D9305F /* BoardingScreen.swift */,
			);
			path = Models;
			sourceTree = "<group>";
		};
		65296D9D2816544900D9305F /* Views */ = {
			isa = PBXGroup;
			children = (
				65296D9E2816547D00D9305F /* Onboarding.swift */,
				65296DA22816581D00D9305F /* OffsetPageTabView.swift */,
			);
			path = Views;
			sourceTree = "<group>";
		};
		65296DA62816AFF600D9305F /* Status */ = {
			isa = PBXGroup;
			children = (
				65296DA72816B01200D9305F /* StatusView.swift */,
			);
			path = Status;
			sourceTree = "<group>";
		};
		65B6FA072816FFA200F619F0 /* Profile */ = {
			isa = PBXGroup;
			children = (
				65B6FA082816FFB200F619F0 /* ProfileView.swift */,
			);
			path = Profile;
			sourceTree = "<group>";
		};
		65B6FA0A281792F200F619F0 /* Transaction */ = {
			isa = PBXGroup;
			children = (
				65B6FA0C281856A500F619F0 /* TransactionView.swift */,
			);
			path = Transaction;
			sourceTree = "<group>";
		};
/* End PBXGroup section */

/* Begin PBXNativeTarget section */
		65296D70281645E100D9305F /* The Eye */ = {
			isa = PBXNativeTarget;
			buildConfigurationList = 65296D84281645E300D9305F /* Build configuration list for PBXNativeTarget "The Eye" */;
			buildPhases = (
				65296D6D281645E100D9305F /* Sources */,
				65296D6E281645E100D9305F /* Frameworks */,
				65296D6F281645E100D9305F /* Resources */,
			);
			buildRules = (
			);
			dependencies = (
			);
			name = "The Eye";
			productName = "The Eye";
			productReference = 65296D71281645E100D9305F /* The Eye.app */;
			productType = "com.apple.product-type.application";
		};
/* End PBXNativeTarget section */

/* Begin PBXProject section */
		65296D69281645E100D9305F /* Project object */ = {
			isa = PBXProject;
			attributes = {
				BuildIndependentTargetsInParallel = 1;
				LastSwiftUpdateCheck = 1330;
				LastUpgradeCheck = 1330;
				TargetAttributes = {
					65296D70281645E100D9305F = {
						CreatedOnToolsVersion = 13.3.1;
					};
				};
			};
			buildConfigurationList = 65296D6C281645E100D9305F /* Build configuration list for PBXProject "The Eye" */;
			compatibilityVersion = "Xcode 13.0";
			developmentRegion = en;
			hasScannedForEncodings = 0;
			knownRegions = (
				en,
				Base,
			);
			mainGroup = 65296D68281645E100D9305F;
			productRefGroup = 65296D72281645E100D9305F /* Products */;
			projectDirPath = "";
			projectRoot = "";
			targets = (
				65296D70281645E100D9305F /* The Eye */,
			);
		};
/* End PBXProject section */

/* Begin PBXResourcesBuildPhase section */
		65296D6F281645E100D9305F /* Resources */ = {
			isa = PBXResourcesBuildPhase;
			buildActionMask = 2147483647;
			files = (
				65296D7C281645E300D9305F /* Preview Assets.xcassets in Resources */,
				65296D79281645E300D9305F /* Assets.xcassets in Resources */,
			);
			runOnlyForDeploymentPostprocessing = 0;
		};
/* End PBXResourcesBuildPhase section */

/* Begin PBXSourcesBuildPhase section */
		65296D6D281645E100D9305F /* Sources */ = {
			isa = PBXSourcesBuildPhase;
			buildActionMask = 2147483647;
			files = (
				65296DA82816B01200D9305F /* StatusView.swift in Sources */,
				65296DA32816581D00D9305F /* OffsetPageTabView.swift in Sources */,
				65B6FA092816FFB200F619F0 /* ProfileView.swift in Sources */,
				65296D9F2816547D00D9305F /* Onboarding.swift in Sources */,
				65296D7E281645E300D9305F /* Persistence.swift in Sources */,
				65B6FA0D281856A500F619F0 /* TransactionView.swift in Sources */,
				65296D77281645E100D9305F /* ContentView.swift in Sources */,
				65296D75281645E100D9305F /* The_EyeApp.swift in Sources */,
				65296D882816460800D9305F /* MainView.swift in Sources */,
				65296DA1281654B300D9305F /* BoardingScreen.swift in Sources */,
				65296D81281645E300D9305F /* The_Eye.xcdatamodeld in Sources */,
			);
			runOnlyForDeploymentPostprocessing = 0;
		};
/* End PBXSourcesBuildPhase section */

/* Begin XCBuildConfiguration section */
		65296D82281645E300D9305F /* Debug */ = {
			isa = XCBuildConfiguration;
			buildSettings = {
				ALWAYS_SEARCH_USER_PATHS = NO;
				CLANG_ANALYZER_NONNULL = YES;
				CLANG_ANALYZER_NUMBER_OBJECT_CONVERSION = YES_AGGRESSIVE;
				CLANG_CXX_LANGUAGE_STANDARD = "gnu++17";
				CLANG_ENABLE_MODULES = YES;
				CLANG_ENABLE_OBJC_ARC = YES;
				CLANG_ENABLE_OBJC_WEAK = YES;
				CLANG_WARN_BLOCK_CAPTURE_AUTORELEASING = YES;
				CLANG_WARN_BOOL_CONVERSION = YES;
				CLANG_WARN_COMMA = YES;
				CLANG_WARN_CONSTANT_CONVERSION = YES;
				CLANG_WARN_DEPRECATED_OBJC_IMPLEMENTATIONS = YES;
				CLANG_WARN_DIRECT_OBJC_ISA_USAGE = YES_ERROR;
				CLANG_WARN_DOCUMENTATION_COMMENTS = YES;
				CLANG_WARN_EMPTY_BODY = YES;
				CLANG_WARN_ENUM_CONVERSION = YES;
				CLANG_WARN_INFINITE_RECURSION = YES;
				CLANG_WARN_INT_CONVERSION = YES;
				CLANG_WARN_NON_LITERAL_NULL_CONVERSION = YES;
				CLANG_WARN_OBJC_IMPLICIT_RETAIN_SELF = YES;
				CLANG_WARN_OBJC_LITERAL_CONVERSION = YES;
				CLANG_WARN_OBJC_ROOT_CLASS = YES_ERROR;
				CLANG_WARN_QUOTED_INCLUDE_IN_FRAMEWORK_HEADER = YES;
				CLANG_WARN_RANGE_LOOP_ANALYSIS = YES;
				CLANG_WARN_STRICT_PROTOTYPES = YES;
				CLANG_WARN_SUSPICIOUS_MOVE = YES;
				CLANG_WARN_UNGUARDED_AVAILABILITY = YES_AGGRESSIVE;
				CLANG_WARN_UNREACHABLE_CODE = YES;
				CLANG_WARN__DUPLICATE_METHOD_MATCH = YES;
				COPY_PHASE_STRIP = NO;
				DEBUG_INFORMATION_FORMAT = dwarf;
				ENABLE_STRICT_OBJC_MSGSEND = YES;
				ENABLE_TESTABILITY = YES;
				GCC_C_LANGUAGE_STANDARD = gnu11;
				GCC_DYNAMIC_NO_PIC = NO;
				GCC_NO_COMMON_BLOCKS = YES;
				GCC_OPTIMIZATION_LEVEL = 0;
				GCC_PREPROCESSOR_DEFINITIONS = (
					"DEBUG=1",
					"$(inherited)",
				);
				GCC_WARN_64_TO_32_BIT_CONVERSION = YES;
				GCC_WARN_ABOUT_RETURN_TYPE = YES_ERROR;
				GCC_WARN_UNDECLARED_SELECTOR = YES;
				GCC_WARN_UNINITIALIZED_AUTOS = YES_AGGRESSIVE;
				GCC_WARN_UNUSED_FUNCTION = YES;
				GCC_WARN_UNUSED_VARIABLE = YES;
				IPHONEOS_DEPLOYMENT_TARGET = 15.4;
				MTL_ENABLE_DEBUG_INFO = INCLUDE_SOURCE;
				MTL_FAST_MATH = YES;
				ONLY_ACTIVE_ARCH = YES;
				SDKROOT = iphoneos;
				SWIFT_ACTIVE_COMPILATION_CONDITIONS = DEBUG;
				SWIFT_OPTIMIZATION_LEVEL = "-Onone";
			};
			name = Debug;
		};
		65296D83281645E300D9305F /* Release */ = {
			isa = XCBuildConfiguration;
			buildSettings = {
				ALWAYS_SEARCH_USER_PATHS = NO;
				CLANG_ANALYZER_NONNULL = YES;
				CLANG_ANALYZER_NUMBER_OBJECT_CONVERSION = YES_AGGRESSIVE;
				CLANG_CXX_LANGUAGE_STANDARD = "gnu++17";
				CLANG_ENABLE_MODULES = YES;
				CLANG_ENABLE_OBJC_ARC = YES;
				CLANG_ENABLE_OBJC_WEAK = YES;
				CLANG_WARN_BLOCK_CAPTURE_AUTORELEASING = YES;
				CLANG_WARN_BOOL_CONVERSION = YES;
				CLANG_WARN_COMMA = YES;
				CLANG_WARN_CONSTANT_CONVERSION = YES;
				CLANG_WARN_DEPRECATED_OBJC_IMPLEMENTATIONS = YES;
				CLANG_WARN_DIRECT_OBJC_ISA_USAGE = YES_ERROR;
				CLANG_WARN_DOCUMENTATION_COMMENTS = YES;
				CLANG_WARN_EMPTY_BODY = YES;
				CLANG_WARN_ENUM_CONVERSION = YES;
				CLANG_WARN_INFINITE_RECURSION = YES;
				CLANG_WARN_INT_CONVERSION = YES;
				CLANG_WARN_NON_LITERAL_NULL_CONVERSION = YES;
				CLANG_WARN_OBJC_IMPLICIT_RETAIN_SELF = YES;
				CLANG_WARN_OBJC_LITERAL_CONVERSION = YES;
				CLANG_WARN_OBJC_ROOT_CLASS = YES_ERROR;
				CLANG_WARN_QUOTED_INCLUDE_IN_FRAMEWORK_HEADER = YES;
				CLANG_WARN_RANGE_LOOP_ANALYSIS = YES;
				CLANG_WARN_STRICT_PROTOTYPES = YES;
				CLANG_WARN_SUSPICIOUS_MOVE = YES;
				CLANG_WARN_UNGUARDED_AVAILABILITY = YES_AGGRESSIVE;
				CLANG_WARN_UNREACHABLE_CODE = YES;
				CLANG_WARN__DUPLICATE_METHOD_MATCH = YES;
				COPY_PHASE_STRIP = NO;
				DEBUG_INFORMATION_FORMAT = "dwarf-with-dsym";
				ENABLE_NS_ASSERTIONS = NO;
				ENABLE_STRICT_OBJC_MSGSEND = YES;
				GCC_C_LANGUAGE_STANDARD = gnu11;
				GCC_NO_COMMON_BLOCKS = YES;
				GCC_WARN_64_TO_32_BIT_CONVERSION = YES;
				GCC_WARN_ABOUT_RETURN_TYPE = YES_ERROR;
				GCC_WARN_UNDECLARED_SELECTOR = YES;
				GCC_WARN_UNINITIALIZED_AUTOS = YES_AGGRESSIVE;
				GCC_WARN_UNUSED_FUNCTION = YES;
				GCC_WARN_UNUSED_VARIABLE = YES;
				IPHONEOS_DEPLOYMENT_TARGET = 15.4;
				MTL_ENABLE_DEBUG_INFO = NO;
				MTL_FAST_MATH = YES;
				SDKROOT = iphoneos;
				SWIFT_COMPILATION_MODE = wholemodule;
				SWIFT_OPTIMIZATION_LEVEL = "-O";
				VALIDATE_PRODUCT = YES;
			};
			name = Release;
		};
		65296D85281645E300D9305F /* Debug */ = {
			isa = XCBuildConfiguration;
			buildSettings = {
				ASSETCATALOG_COMPILER_APPICON_NAME = AppIcon;
				ASSETCATALOG_COMPILER_GLOBAL_ACCENT_COLOR_NAME = AccentColor;
				CODE_SIGN_STYLE = Automatic;
				CURRENT_PROJECT_VERSION = 1;
				DEVELOPMENT_ASSET_PATHS = "\"The Eye/Preview Content\"";
				DEVELOPMENT_TEAM = N42VUN3JJ2;
				ENABLE_PREVIEWS = YES;
				GENERATE_INFOPLIST_FILE = YES;
				INFOPLIST_KEY_UIApplicationSceneManifest_Generation = YES;
				INFOPLIST_KEY_UIApplicationSupportsIndirectInputEvents = YES;
				INFOPLIST_KEY_UILaunchScreen_Generation = YES;
				INFOPLIST_KEY_UISupportedInterfaceOrientations_iPad = "UIInterfaceOrientationPortrait UIInterfaceOrientationPortraitUpsideDown UIInterfaceOrientationLandscapeLeft UIInterfaceOrientationLandscapeRight";
				INFOPLIST_KEY_UISupportedInterfaceOrientations_iPhone = "UIInterfaceOrientationPortrait UIInterfaceOrientationLandscapeLeft UIInterfaceOrientationLandscapeRight";
				LD_RUNPATH_SEARCH_PATHS = (
					"$(inherited)",
					"@executable_path/Frameworks",
				);
				MARKETING_VERSION = 1.0;
				PRODUCT_BUNDLE_IDENTIFIER = "com.bliagus.The-Eye";
				PRODUCT_NAME = "$(TARGET_NAME)";
				SWIFT_EMIT_LOC_STRINGS = YES;
				SWIFT_VERSION = 5.0;
				TARGETED_DEVICE_FAMILY = "1,2";
			};
			name = Debug;
		};
		65296D86281645E300D9305F /* Release */ = {
			isa = XCBuildConfiguration;
			buildSettings = {
				ASSETCATALOG_COMPILER_APPICON_NAME = AppIcon;
				ASSETCATALOG_COMPILER_GLOBAL_ACCENT_COLOR_NAME = AccentColor;
				CODE_SIGN_STYLE = Automatic;
				CURRENT_PROJECT_VERSION = 1;
				DEVELOPMENT_ASSET_PATHS = "\"The Eye/Preview Content\"";
				DEVELOPMENT_TEAM = N42VUN3JJ2;
				ENABLE_PREVIEWS = YES;
				GENERATE_INFOPLIST_FILE = YES;
				INFOPLIST_KEY_UIApplicationSceneManifest_Generation = YES;
				INFOPLIST_KEY_UIApplicationSupportsIndirectInputEvents = YES;
				INFOPLIST_KEY_UILaunchScreen_Generation = YES;
				INFOPLIST_KEY_UISupportedInterfaceOrientations_iPad = "UIInterfaceOrientationPortrait UIInterfaceOrientationPortraitUpsideDown UIInterfaceOrientationLandscapeLeft UIInterfaceOrientationLandscapeRight";
				INFOPLIST_KEY_UISupportedInterfaceOrientations_iPhone = "UIInterfaceOrientationPortrait UIInterfaceOrientationLandscapeLeft UIInterfaceOrientationLandscapeRight";
				LD_RUNPATH_SEARCH_PATHS = (
					"$(inherited)",
					"@executable_path/Frameworks",
				);
				MARKETING_VERSION = 1.0;
				PRODUCT_BUNDLE_IDENTIFIER = "com.bliagus.The-Eye";
				PRODUCT_NAME = "$(TARGET_NAME)";
				SWIFT_EMIT_LOC_STRINGS = YES;
				SWIFT_VERSION = 5.0;
				TARGETED_DEVICE_FAMILY = "1,2";
			};
			name = Release;
		};
/* End XCBuildConfiguration section */

/* Begin XCConfigurationList section */
		65296D6C281645E100D9305F /* Build configuration list for PBXProject "The Eye" */ = {
			isa = XCConfigurationList;
			buildConfigurations = (
				65296D82281645E300D9305F /* Debug */,
				65296D83281645E300D9305F /* Release */,
			);
			defaultConfigurationIsVisible = 0;
			defaultConfigurationName = Release;
		};
		65296D84281645E300D9305F /* Build configuration list for PBXNativeTarget "The Eye" */ = {
			isa = XCConfigurationList;
			buildConfigurations = (
				65296D85281645E300D9305F /* Debug */,
				65296D86281645E300D9305F /* Release */,
			);
			defaultConfigurationIsVisible = 0;
			defaultConfigurationName = Release;
		};
/* End XCConfigurationList section */

/* Begin XCVersionGroup section */
		65296D7F281645E300D9305F /* The_Eye.xcdatamodeld */ = {
			isa = XCVersionGroup;
			children = (
				65296D80281645E300D9305F /* The_Eye.xcdatamodel */,
			);
			currentVersion = 65296D80281645E300D9305F /* The_Eye.xcdatamodel */;
			path = The_Eye.xcdatamodeld;
			sourceTree = "<group>";
			versionGroupType = wrapper.xcdatamodel;
		};
/* End XCVersionGroup section */
	};
	rootObject = 65296D69281645E100D9305F /* Project object */;
}
